
Microsoft Visual Studio Solution File, Format Version 12.00
# Visual Studio Version 17
VisualStudioVersion = 17.7.34031.279
MinimumVisualStudioVersion = 10.0.40219.1
Project("{FAE04EC0-301F-11D3-BF4B-00C04F79EFBC}") = "Repo", "Repo\Repo.csproj", "{DE46B2B0-17D3-4DA8-821E-9D03C423BED9}"
EndProject
Project("{FAE04EC0-301F-11D3-BF4B-00C04F79EFBC}") = "Services", "Services\Services.csproj", "{FD28BFEC-8238-420C-BBF7-F8BA321F0406}"
EndProject
Project("{FAE04EC0-301F-11D3-BF4B-00C04F79EFBC}") = "Entities", "Entities\Entities.csproj", "{06250ECC-D04B-4911-B5C8-4B4E827A3FCC}"
EndProject
Project("{FAE04EC0-301F-11D3-BF4B-00C04F79EFBC}") = "WEB", "WEB\WEB.csproj", "{912D8717-E584-41CF-B816-F279C550760C}"
EndProject
Global
	GlobalSection(SolutionConfigurationPlatforms) = preSolution
		Debug|Any CPU = Debug|Any CPU
		Release|Any CPU = Release|Any CPU
	EndGlobalSection
	GlobalSection(ProjectConfigurationPlatforms) = postSolution
		{DE46B2B0-17D3-4DA8-821E-9D03C423BED9}.Debug|Any CPU.ActiveCfg = Debug|Any CPU
		{DE46B2B0-17D3-4DA8-821E-9D03C423BED9}.Debug|Any CPU.Build.0 = Debug|Any CPU
		{DE46B2B0-17D3-4DA8-821E-9D03C423BED9}.Release|Any CPU.ActiveCfg = Release|Any CPU
		{DE46B2B0-17D3-4DA8-821E-9D03C423BED9}.Release|Any CPU.Build.0 = Release|Any CPU
		{FD28BFEC-8238-420C-BBF7-F8BA321F0406}.Debug|Any CPU.ActiveCfg = Debug|Any CPU
		{FD28BFEC-8238-420C-BBF7-F8BA321F0406}.Debug|Any CPU.Build.0 = Debug|Any CPU
		{FD28BFEC-8238-420C-BBF7-F8BA321F0406}.Release|Any CPU.ActiveCfg = Release|Any CPU
		{FD28BFEC-8238-420C-BBF7-F8BA321F0406}.Release|Any CPU.Build.0 = Release|Any CPU
		{06250ECC-D04B-4911-B5C8-4B4E827A3FCC}.Debug|Any CPU.ActiveCfg = Debug|Any CPU
		{06250ECC-D04B-4911-B5C8-4B4E827A3FCC}.Debug|Any CPU.Build.0 = Debug|Any CPU
		{06250ECC-D04B-4911-B5C8-4B4E827A3FCC}.Release|Any CPU.ActiveCfg = Release|Any CPU
		{06250ECC-D04B-4911-B5C8-4B4E827A3FCC}.Release|Any CPU.Build.0 = Release|Any CPU
		{912D8717-E584-41CF-B816-F279C550760C}.Debug|Any CPU.ActiveCfg = Debug|Any CPU
		{912D8717-E584-41CF-B816-F279C550760C}.Debug|Any CPU.Build.0 = Debug|Any CPU
		{912D8717-E584-41CF-B816-F279C550760C}.Release|Any CPU.ActiveCfg = Release|Any CPU
		{912D8717-E584-41CF-B816-F279C550760C}.Release|Any CPU.Build.0 = Release|Any CPU
	EndGlobalSection
	GlobalSection(SolutionProperties) = preSolution
		HideSolutionNode = FALSE
	EndGlobalSection
	GlobalSection(ExtensibilityGlobals) = postSolution
		SolutionGuid = {302F72EB-07C5-4BE5-8C3E-B2E444C4FDC1}
	EndGlobalSection
EndGlobal
